
Microsoft Visual Studio Solution File, Format Version 12.00
# Visual Studio Version 17
VisualStudioVersion = 17.9.34714.143
MinimumVisualStudioVersion = 10.0.40219.1
Project("{FAE04EC0-301F-11D3-BF4B-00C04F79EFBC}") = "ASD_2", "ASD_2\ASD_2.csproj", "{AE836CBF-5427-4606-9F30-2F8C210C8B9B}"
EndProject
Global
	GlobalSection(SolutionConfigurationPlatforms) = preSolution
		Debug|Any CPU = Debug|Any CPU
		Release|Any CPU = Release|Any CPU
	EndGlobalSection
	GlobalSection(ProjectConfigurationPlatforms) = postSolution
		{AE836CBF-5427-4606-9F30-2F8C210C8B9B}.Debug|Any CPU.ActiveCfg = Debug|Any CPU
		{AE836CBF-5427-4606-9F30-2F8C210C8B9B}.Debug|Any CPU.Build.0 = Debug|Any CPU
		{AE836CBF-5427-4606-9F30-2F8C210C8B9B}.Release|Any CPU.ActiveCfg = Release|Any CPU
		{AE836CBF-5427-4606-9F30-2F8C210C8B9B}.Release|Any CPU.Build.0 = Release|Any CPU
	EndGlobalSection
	GlobalSection(SolutionProperties) = preSolution
		HideSolutionNode = FALSE
	EndGlobalSection
	GlobalSection(ExtensibilityGlobals) = postSolution
		SolutionGuid = {A649296A-7E55-48E1-BA9E-91BE6E25A783}
	EndGlobalSection
EndGlobal
